
Microsoft Visual Studio Solution File, Format Version 12.00
# Visual Studio 15
VisualStudioVersion = 15.0.28010.2016
MinimumVisualStudioVersion = 10.0.40219.1
Project("{FAE04EC0-301F-11D3-BF4B-00C04F79EFBC}") = "BTMU_ImportJob", "BTMU_ImportJob\BTMU_ImportJob.csproj", "{617ED1B8-6983-49B4-B7E6-102C001C73DE}"
EndProject
Global
	GlobalSection(SolutionConfigurationPlatforms) = preSolution
		Debug|Any CPU = Debug|Any CPU
		Release|Any CPU = Release|Any CPU
	EndGlobalSection
	GlobalSection(ProjectConfigurationPlatforms) = postSolution
		{617ED1B8-6983-49B4-B7E6-102C001C73DE}.Debug|Any CPU.ActiveCfg = Debug|Any CPU
		{617ED1B8-6983-49B4-B7E6-102C001C73DE}.Debug|Any CPU.Build.0 = Debug|Any CPU
		{617ED1B8-6983-49B4-B7E6-102C001C73DE}.Release|Any CPU.ActiveCfg = Release|Any CPU
		{617ED1B8-6983-49B4-B7E6-102C001C73DE}.Release|Any CPU.Build.0 = Release|Any CPU
	EndGlobalSection
	GlobalSection(SolutionProperties) = preSolution
		HideSolutionNode = FALSE
	EndGlobalSection
	GlobalSection(ExtensibilityGlobals) = postSolution
		SolutionGuid = {F8335069-0F45-4130-A063-BCAA4C7C993F}
	EndGlobalSection
EndGlobal
